
Microsoft Visual Studio Solution File, Format Version 12.00
# Visual Studio 14
VisualStudioVersion = 14.0.23107.0
MinimumVisualStudioVersion = 10.0.40219.1
Project("{FAE04EC0-301F-11D3-BF4B-00C04F79EFBC}") = "InteropDemo.WPF", "InteropDemo.WPF\InteropDemo.WPF.csproj", "{3F3D6886-45D6-4542-9B99-19BC0F142F0D}"
EndProject
Project("{8BC9CEB8-8B4A-11D0-8D11-00A0C91BC942}") = "InteropDemo.NativeBridge", "InteropDemo.NativeBridge\InteropDemo.NativeBridge.vcxproj", "{08BF6F75-3525-47BC-97DC-43FFB60C054B}"
EndProject
Project("{FAE04EC0-301F-11D3-BF4B-00C04F79EFBC}") = "InteropDemo.Shared", "InteropDemo.Shared\InteropDemo.Shared.csproj", "{B3EF004F-8849-4522-B28F-5ADD355C2499}"
EndProject
Project("{8BC9CEB8-8B4A-11D0-8D11-00A0C91BC942}") = "InteropDemo.Native", "InteropDemo.Native\InteropDemo.Native.vcxproj", "{EFF6F624-310E-4985-B5BB-F5E5983F3285}"
EndProject
Global
	GlobalSection(SolutionConfigurationPlatforms) = preSolution
		Debug|Any CPU = Debug|Any CPU
		Debug|x64 = Debug|x64
		Debug|x86 = Debug|x86
		Release|Any CPU = Release|Any CPU
		Release|x64 = Release|x64
		Release|x86 = Release|x86
	EndGlobalSection
	GlobalSection(ProjectConfigurationPlatforms) = postSolution
		{3F3D6886-45D6-4542-9B99-19BC0F142F0D}.Debug|Any CPU.ActiveCfg = Debug|Any CPU
		{3F3D6886-45D6-4542-9B99-19BC0F142F0D}.Debug|Any CPU.Build.0 = Debug|Any CPU
		{3F3D6886-45D6-4542-9B99-19BC0F142F0D}.Debug|x64.ActiveCfg = Debug|x64
		{3F3D6886-45D6-4542-9B99-19BC0F142F0D}.Debug|x64.Build.0 = Debug|x64
		{3F3D6886-45D6-4542-9B99-19BC0F142F0D}.Debug|x86.ActiveCfg = Debug|x86
		{3F3D6886-45D6-4542-9B99-19BC0F142F0D}.Debug|x86.Build.0 = Debug|x86
		{3F3D6886-45D6-4542-9B99-19BC0F142F0D}.Release|Any CPU.ActiveCfg = Release|Any CPU
		{3F3D6886-45D6-4542-9B99-19BC0F142F0D}.Release|Any CPU.Build.0 = Release|Any CPU
		{3F3D6886-45D6-4542-9B99-19BC0F142F0D}.Release|x64.ActiveCfg = Release|x64
		{3F3D6886-45D6-4542-9B99-19BC0F142F0D}.Release|x64.Build.0 = Release|x64
		{3F3D6886-45D6-4542-9B99-19BC0F142F0D}.Release|x86.ActiveCfg = Release|x86
		{3F3D6886-45D6-4542-9B99-19BC0F142F0D}.Release|x86.Build.0 = Release|x86
		{08BF6F75-3525-47BC-97DC-43FFB60C054B}.Debug|Any CPU.ActiveCfg = Debug|Win32
		{08BF6F75-3525-47BC-97DC-43FFB60C054B}.Debug|x64.ActiveCfg = Debug|x64
		{08BF6F75-3525-47BC-97DC-43FFB60C054B}.Debug|x64.Build.0 = Debug|x64
		{08BF6F75-3525-47BC-97DC-43FFB60C054B}.Debug|x86.ActiveCfg = Debug|Win32
		{08BF6F75-3525-47BC-97DC-43FFB60C054B}.Debug|x86.Build.0 = Debug|Win32
		{08BF6F75-3525-47BC-97DC-43FFB60C054B}.Release|Any CPU.ActiveCfg = Release|Win32
		{08BF6F75-3525-47BC-97DC-43FFB60C054B}.Release|x64.ActiveCfg = Release|x64
		{08BF6F75-3525-47BC-97DC-43FFB60C054B}.Release|x64.Build.0 = Release|x64
		{08BF6F75-3525-47BC-97DC-43FFB60C054B}.Release|x86.ActiveCfg = Release|Win32
		{08BF6F75-3525-47BC-97DC-43FFB60C054B}.Release|x86.Build.0 = Release|Win32
		{B3EF004F-8849-4522-B28F-5ADD355C2499}.Debug|Any CPU.ActiveCfg = Debug|Any CPU
		{B3EF004F-8849-4522-B28F-5ADD355C2499}.Debug|Any CPU.Build.0 = Debug|Any CPU
		{B3EF004F-8849-4522-B28F-5ADD355C2499}.Debug|x64.ActiveCfg = Debug|Any CPU
		{B3EF004F-8849-4522-B28F-5ADD355C2499}.Debug|x64.Build.0 = Debug|Any CPU
		{B3EF004F-8849-4522-B28F-5ADD355C2499}.Debug|x86.ActiveCfg = Debug|Any CPU
		{B3EF004F-8849-4522-B28F-5ADD355C2499}.Debug|x86.Build.0 = Debug|Any CPU
		{B3EF004F-8849-4522-B28F-5ADD355C2499}.Release|Any CPU.ActiveCfg = Release|Any CPU
		{B3EF004F-8849-4522-B28F-5ADD355C2499}.Release|Any CPU.Build.0 = Release|Any CPU
		{B3EF004F-8849-4522-B28F-5ADD355C2499}.Release|x64.ActiveCfg = Release|Any CPU
		{B3EF004F-8849-4522-B28F-5ADD355C2499}.Release|x64.Build.0 = Release|Any CPU
		{B3EF004F-8849-4522-B28F-5ADD355C2499}.Release|x86.ActiveCfg = Release|Any CPU
		{B3EF004F-8849-4522-B28F-5ADD355C2499}.Release|x86.Build.0 = Release|Any CPU
		{EFF6F624-310E-4985-B5BB-F5E5983F3285}.Debug|Any CPU.ActiveCfg = Debug|Win32
		{EFF6F624-310E-4985-B5BB-F5E5983F3285}.Debug|x64.ActiveCfg = Debug|x64
		{EFF6F624-310E-4985-B5BB-F5E5983F3285}.Debug|x64.Build.0 = Debug|x64
		{EFF6F624-310E-4985-B5BB-F5E5983F3285}.Debug|x86.ActiveCfg = Debug|Win32
		{EFF6F624-310E-4985-B5BB-F5E5983F3285}.Debug|x86.Build.0 = Debug|Win32
		{EFF6F624-310E-4985-B5BB-F5E5983F3285}.Release|Any CPU.ActiveCfg = Release|Win32
		{EFF6F624-310E-4985-B5BB-F5E5983F3285}.Release|x64.ActiveCfg = Release|x64
		{EFF6F624-310E-4985-B5BB-F5E5983F3285}.Release|x64.Build.0 = Release|x64
		{EFF6F624-310E-4985-B5BB-F5E5983F3285}.Release|x86.ActiveCfg = Release|Win32
		{EFF6F624-310E-4985-B5BB-F5E5983F3285}.Release|x86.Build.0 = Release|Win32
	EndGlobalSection
	GlobalSection(SolutionProperties) = preSolution
		HideSolutionNode = FALSE
	EndGlobalSection
EndGlobal
